[actionlint]
"1.7.12-darwin-arm64" = "aba9ced2dee8d27fecca3dc7feb1a7f9a52caefa1eb46f3271ea66b6e0e6953f"
"1.7.12-darwin-x64" = "5b44c3bc2255115c9b69e30efc0fecdf498fdb63c5d58e17084fd5f16324c644"
"1.7.12-linux-arm64" = "325e971b6ba9bfa504672e29be93c24981eeb1c07576d730e9f7c8805afff0c6"
"1.7.12-linux-x64" = "8aca8db96f1b94770f1b0d72b6dddcb1ebb8123cb3712530b08cc387b349a3d8"
"1.7.12-win-arm64" = "cadcf7ea4efe3a68728893813643cebe1185e5b1d4be5b96245f65c9a4d5ea41"
"1.7.12-win-x64" = "6e7241b51e6817ea6a047693d8e6fed13b31819c9a0dd6c5a726e1592d22f6e9"

[buf]
"1.72.0-darwin-arm64" = "5176f23a6118b9978de1340c3e3301a4ed0d48e16a669510be44b4c355170d57"
"1.72.0-darwin-x64" = "eb815a2708d4a43d31799049d5a2987ea81d0a9e98b53976d47bd1e78d154a8f"
"1.72.0-linux-arm64" = "bdbb275fb9624104ef4d8513d269cc410a153138646e67136cb3f8cc185be289"
"1.72.0-linux-x64" = "8720830e26a733da55bb89bcd3cb44849c0965fc0c44fb5d691cccdc64dca5af"
"1.72.0-win-arm64" = "cc06910c1b69715b598fc8d1958538c86b656c05f6dd0a516dfa90c325dcbead"
"1.72.0-win-x64" = "6e8f6d043e520bc81cae7b85d4cd6d93e57716a8a9842d5d18200191ee259cb5"

[gofumpt]
"0.11.0-darwin-arm64" = "18936628f195369a80a129c73ee33d23e39086286dab538781ba826effc7e10b"
"0.11.0-darwin-x64" = "b93b3d2c326196af9fb1ce34a5436a18e7b9a73a795bf42e5b6a542eea88d322"
"0.11.0-linux-arm64" = "9272c2d1738acc1acae33793419e74c69653e70fe56bec4ad9044b12b54715e5"
"0.11.0-linux-x64" = "9f247ec294f5082375c7b062f3ddf48c8212a8711f65a6d75f5129f7fda0d7da"
"0.11.0-win-arm64" = "e7ae4253344a600f1116e4b5c7d0d0fcc108abbbf383c3d786a530077b4d4622"
"0.11.0-win-x64" = "e7ae4253344a600f1116e4b5c7d0d0fcc108abbbf383c3d786a530077b4d4622"

[golangci-lint]
"2.13.2-darwin-arm64" = "f4bf83f0b64f055c42b28fc9a38861839f69c096e61c788e72dfaae412011789"
"2.13.2-darwin-x64" = "8a13aaf9cbbb1dee52824e862cf0d0720e5bb97c1f4260d1e51623a09492b57b"
"2.13.2-linux-arm64" = "a2a4e0065aa41be71f7c5ac90f271b61751331e5d04314e62afe4027855f0893"
"2.13.2-linux-x64" = "2277d43b98ec0054280f2ac26b53268bae97682444678a59a657dd565da021d6"
"2.13.2-win-arm64" = "2dbffbd1225d41ac5740f0b478a43b6517f3e3f702fe0ab3aec470bd6ec8e263"
"2.13.2-win-x64" = "4735fdc8e84a0cfb7a15a1c364a650942f88215e0d36c674ebc4024f7b554524"

[hadolint]
"2.15.1-darwin-arm64" = "5c09f3213f8e40406abe048233d985eebef336d4a6a20021be47fadb6cf480a2"
"2.15.1-darwin-x64" = "ffe9bb18b23d5ed1eae50237aecdbb523d016e96da0bd4e7aa432040acfc3fde"
"2.15.1-linux-arm64" = "f6198ef8090f404dbb771abfee086eb8c48ac177f30da7fd3510aca35b344b5d"
"2.15.1-linux-x64" = "c7187db94eeeeca956519a6af171adc31453941a1e777961f6e680f697c8c507"
"2.15.1-win-arm64" = "01d927294962b5387f9ead4f18679158452be4f17c765ad0bdffe5264b9c7b0a"
"2.15.1-win-x64" = "01d927294962b5387f9ead4f18679158452be4f17c765ad0bdffe5264b9c7b0a"

[ruff]
"0.16.5-darwin-arm64" = "ed142f8656e0092828c103dd058b55b871c88e13a801cade8f860d8a9ca8943e"
"0.16.5-darwin-x64" = "4895245fe294cd9f38b8c941b9aa009b3015729f73327bdbf8a716b7fec8f84d"
"0.16.5-linux-arm64" = "796079ea998dba3e455394077ba51a4c500c2402d3920580c646a0580f20370c"
"0.16.5-linux-x64" = "65b8bae7e43f12a91b71036a52176012b3aefb725d5ae263e2771474110a0983"
"0.16.5-win-arm64" = "30874e50be1f31626022358bbcaa80112ce1065b9297e5a9c4654f0b5a230d39"
"0.16.5-win-x64" = "02fe2fc6d04eb4e768c34daaca4990b327ea83e84b0eac58affb924c0f554a75"

[shellcheck]
"0.11.0-darwin-arm64" = "339b930feb1ea764467013cc1f72d09cd6b869ebf1013296ba9055ab2ffbd26f"
"0.11.0-darwin-x64" = "c2c15e08df0e8fbc374c335b230a7ee958c313fa5714817a59aa59f1aa594f51"
"0.11.0-linux-arm64" = "68a8133197a50beb8803f8d42f9908d1af1c5540d4bb05fdfca8c1fa47decefc"
"0.11.0-linux-x64" = "b7af85e41cc99489dcc21d66c6d5f3685138f06d34651e6d34b42ec6d54fe6f6"

[shfmt]
"3.13.1-darwin-arm64" = "9680526be4a66ea1ffe988ed08af58e1400fe1e4f4aef5bd88b20bb9b3da33f8"
"3.13.1-darwin-x64" = "6feedafc72915794163114f512348e2437d080d0047ef8b8fa2ec63b575f12af"
"3.13.1-linux-arm64" = "32d92acaa5cd8abb29fc49dac123dc412442d5713967819d8af2c29f1b3857c7"
"3.13.1-linux-x64" = "fb096c5d1ac6beabbdbaa2874d025badb03ee07929f0c9ff67563ce8c75398b1"
"3.13.1-win-arm64" = "60cd368533d0ad73fa86d93d5bbf95ef40587245ce684ed138c1b31557b5fe97"
"3.13.1-win-x64" = "60cd368533d0ad73fa86d93d5bbf95ef40587245ce684ed138c1b31557b5fe97"

[swiftlint]
"0.65.1-darwin-arm64" = "c1e429b0599cf1b516f369a2d9ec04eaf0e436f3c12b637df8851fa52ff694d0"
"0.65.1-darwin-x64" = "c1e429b0599cf1b516f369a2d9ec04eaf0e436f3c12b637df8851fa52ff694d0"

[tflint]
"0.64.0-darwin-arm64" = "2496e9cb3d24992d553b45e7c87a0fdc9449ca975233876247a9bfeda857e6c0"
"0.64.0-darwin-x64" = "0f3a9fd17526014646a2dfc3f9122f7b4161abe3d6b0f0f03f9014483ddf4d19"
"0.64.0-linux-arm64" = "560da89aacf59389d4eb029730dd5b109b7288096c32f2726a0d9e783a5ea8eb"
"0.64.0-linux-x64" = "cca9d13e2e1d7a2c627af60ff899a3c9b74212899416aeb96ec764d2ef954537"
"0.64.0-win-arm64" = "fb42fb859d844b156a8ea9d3363078c4d8b85ca78782e60876b08c9b8e59f303"
"0.64.0-win-x64" = "fb42fb859d844b156a8ea9d3363078c4d8b85ca78782e60876b08c9b8e59f303"

[typos]
"1.49.1-darwin-arm64" = "34ab3263970ad79e93a6cabdb82814e55ccc58c0fafe34645b8f376081ecb7af"
"1.49.1-darwin-x64" = "2dca27c97def4a4a77bac80c57f0100b152497ea79dcd84f620c244773237486"
"1.49.1-linux-arm64" = "631f19b0e4df118c97497e2a8505b97af33bd7f3bba027d65750fbefb4a087f9"
"1.49.1-linux-x64" = "467c88326d29b225263a64efcc47729bfea2b5b9b5e787de0002b8ddb9f2efc9"
"1.49.1-win-arm64" = "a2ce9a02125d0ab4a9490f45bba7f0296ebe1bebb6ae508e8277521a5cf29e35"
"1.49.1-win-x64" = "a2ce9a02125d0ab4a9490f45bba7f0296ebe1bebb6ae508e8277521a5cf29e35"
