[actionlint]
"1.7.12-darwin-arm64" = "aba9ced2dee8d27fecca3dc7feb1a7f9a52caefa1eb46f3271ea66b6e0e6953f"
"1.7.12-darwin-x64" = "5b44c3bc2255115c9b69e30efc0fecdf498fdb63c5d58e17084fd5f16324c644"
"1.7.12-linux-arm64" = "325e971b6ba9bfa504672e29be93c24981eeb1c07576d730e9f7c8805afff0c6"
"1.7.12-linux-x64" = "8aca8db96f1b94770f1b0d72b6dddcb1ebb8123cb3712530b08cc387b349a3d8"
"1.7.12-win-arm64" = "cadcf7ea4efe3a68728893813643cebe1185e5b1d4be5b96245f65c9a4d5ea41"
"1.7.12-win-x64" = "6e7241b51e6817ea6a047693d8e6fed13b31819c9a0dd6c5a726e1592d22f6e9"

[arity]
"0.24.0-darwin-arm64" = "c94557c3ae873e5eeaf2ce132a1fdb056c30305d04948e9f627d248a4368f390"
"0.24.0-darwin-x64" = "ab17c80976303d8913f0ea83eec752e4a94650a52bb5907b13d656562e26f98e"
"0.24.0-linux-arm64" = "889b9dbdb505aceaa6af4bf242088afbe54087ba1b348bf0bd8f4ed77d7e78c8"
"0.24.0-linux-x64" = "69afd1f6237909503c65836877002c09d7b96f57c201d89d76884455d6772e9b"
"0.24.0-win-arm64" = "78405d457d1beb693a5a13b323fe5305ecdd1c94a66ab44b231cd5014be1801f"
"0.24.0-win-x64" = "9d0df83887e13821bb56e36383567889acfed1288f0daf7840d0f4fdc376fefa"

[buf]
"1.73.0-darwin-arm64" = "6e6df0fef4522e4e43dfe7c341873c3f2c29ceb45a9dfa5e0bad5580b8b2022f"
"1.73.0-darwin-x64" = "ff78d0ebf34180ebfa81d370275851ec630fcb088bf33e213fd723d0fd7444a6"
"1.73.0-linux-arm64" = "902b75267db7f4391e99b7fa0756050e5354234cc0437ef50eee9c788950c7a3"
"1.73.0-linux-x64" = "8f2986298ad08f0cc1bf999b9797b7c383adf32d7edf0f73d6f1e1a701baeac1"
"1.73.0-win-arm64" = "2250d5cba96a64f6ebc78d67221feab113622a24fbaf2909d43c87f8586d1bed"
"1.73.0-win-x64" = "13542f2892c4f774150ddb525266d6421d457b3e741297056b64427853526e36"

[gofumpt]
"0.12.0-darwin-arm64" = "1a3e325b956ed12c21031d9e13382bd51a4fabb57de8d40428819b9583c3cfb9"
"0.12.0-darwin-x64" = "1d3626892a321aca96a891696eaecb8f68e69e90582c2b55672d5ca210fd5fa8"
"0.12.0-linux-arm64" = "4322f081241ab0618356aa5921a8c110e4c7acfc17175cc15dc57b2f4a4b652d"
"0.12.0-linux-x64" = "3bc4fcad497439918f5f56d4987de4709a99da0a355e6bec13a7278532b01d38"
"0.12.0-win-arm64" = "66bd679908b64864fc85417e7ea01148774b477364b9a02ab1c194333a55c997"
"0.12.0-win-x64" = "66bd679908b64864fc85417e7ea01148774b477364b9a02ab1c194333a55c997"

[golangci-lint]
"2.14.0-darwin-arm64" = "5ef5f36a7147e91dc58ef9ef4d11bb7bad5ead0c76eb6c01327a73c641d1dcc3"
"2.14.0-darwin-x64" = "a5667c1c3536be1740133213e1e822bfb8f0d98ea12903174d6d5f635e4ed68d"
"2.14.0-linux-arm64" = "ee7ec5f3453d15ddf106fae5a4d6c71737712348a979d1fe9cd52ec7ea299bae"
"2.14.0-linux-x64" = "ab90aeb7b066f92a33415b638a50fe5344bbb75a0d32ad30cc248d88f81032ab"
"2.14.0-win-arm64" = "6399496aef883e5d2f77ea93e6e54fdd05bc2695f64071d8de0b0579cad92274"
"2.14.0-win-x64" = "b15f903d1649283a2ab6e8d2f0c317eaf1f9f6b3763950e7e8b7e72a43dd724f"

[hadolint]
"2.15.1-darwin-arm64" = "5c09f3213f8e40406abe048233d985eebef336d4a6a20021be47fadb6cf480a2"
"2.15.1-darwin-x64" = "ffe9bb18b23d5ed1eae50237aecdbb523d016e96da0bd4e7aa432040acfc3fde"
"2.15.1-linux-arm64" = "f6198ef8090f404dbb771abfee086eb8c48ac177f30da7fd3510aca35b344b5d"
"2.15.1-linux-x64" = "c7187db94eeeeca956519a6af171adc31453941a1e777961f6e680f697c8c507"
"2.15.1-win-arm64" = "01d927294962b5387f9ead4f18679158452be4f17c765ad0bdffe5264b9c7b0a"
"2.15.1-win-x64" = "01d927294962b5387f9ead4f18679158452be4f17c765ad0bdffe5264b9c7b0a"

[jsonnetfmt]
"0.22.0-darwin-arm64" = "112534191b6e27f2ae01bb80c6ab82950fb7bf5772e2e81c5472f59a069700f5"
"0.22.0-darwin-x64" = "2ada40ece13e8b4e1f37c06315783110c84b496963b0b8b90809daf69df7dfc9"
"0.22.0-linux-arm64" = "3016b049254cb92548ba99304b6f44ec3795e6173f908e3ce3c5add57243fe20"
"0.22.0-linux-x64" = "e87a93ea44e34da92c15636205c7f2240bf3ac92d00ccb855dbb4e7e03ea6941"
"0.22.0-win-arm64" = "663d4b9258e201ce9471a02e329167027e68bf4063192a937d83d8b6bac8b044"
"0.22.0-win-x64" = "277b83ddbe836a627dcde0655720aa42b02277fdf3a9cdaebeef2a53e98599b1"

[plantuml]
"1.2026.8-darwin-arm64" = "3629c9cd017c7f73e6450396eea0040216c7e1eef8473ce33cc1aad469dab2f9"
"1.2026.8-darwin-x64" = "3629c9cd017c7f73e6450396eea0040216c7e1eef8473ce33cc1aad469dab2f9"
"1.2026.8-linux-arm64" = "3629c9cd017c7f73e6450396eea0040216c7e1eef8473ce33cc1aad469dab2f9"
"1.2026.8-linux-x64" = "3629c9cd017c7f73e6450396eea0040216c7e1eef8473ce33cc1aad469dab2f9"
"1.2026.8-win-arm64" = "3629c9cd017c7f73e6450396eea0040216c7e1eef8473ce33cc1aad469dab2f9"
"1.2026.8-win-x64" = "3629c9cd017c7f73e6450396eea0040216c7e1eef8473ce33cc1aad469dab2f9"

[shellcheck]
"0.11.0-darwin-arm64" = "339b930feb1ea764467013cc1f72d09cd6b869ebf1013296ba9055ab2ffbd26f"
"0.11.0-darwin-x64" = "c2c15e08df0e8fbc374c335b230a7ee958c313fa5714817a59aa59f1aa594f51"
"0.11.0-linux-arm64" = "68a8133197a50beb8803f8d42f9908d1af1c5540d4bb05fdfca8c1fa47decefc"
"0.11.0-linux-x64" = "b7af85e41cc99489dcc21d66c6d5f3685138f06d34651e6d34b42ec6d54fe6f6"

[shfmt]
"3.14.1-darwin-arm64" = "b7c872db63553ccffc7253aba3ed7d4885a27d83f1ba567b1138c6315a5847e5"
"3.14.1-darwin-x64" = "d33eee0da0f92835b3562e9767a05cee7e4eaeef47daa03bfd09da17b4b590a6"
"3.14.1-linux-arm64" = "5f2db09dae91fca848f7adbdd014632e921a383863a2ad7e0450ad3aba0c6489"
"3.14.1-linux-x64" = "76e77641faa025814b77f153b29796b8e6fa2fca03e0c76a691608b86c7ea7bf"
"3.14.1-win-arm64" = "13629ce28442ca80b6b5a819f7574ab39e1c28c6e26734ca816c9714e04851df"
"3.14.1-win-x64" = "13629ce28442ca80b6b5a819f7574ab39e1c28c6e26734ca816c9714e04851df"

[swiftlint]
"0.65.1-darwin-arm64" = "c1e429b0599cf1b516f369a2d9ec04eaf0e436f3c12b637df8851fa52ff694d0"
"0.65.1-darwin-x64" = "c1e429b0599cf1b516f369a2d9ec04eaf0e436f3c12b637df8851fa52ff694d0"

[tflint]
"0.64.0-darwin-arm64" = "2496e9cb3d24992d553b45e7c87a0fdc9449ca975233876247a9bfeda857e6c0"
"0.64.0-darwin-x64" = "0f3a9fd17526014646a2dfc3f9122f7b4161abe3d6b0f0f03f9014483ddf4d19"
"0.64.0-linux-arm64" = "560da89aacf59389d4eb029730dd5b109b7288096c32f2726a0d9e783a5ea8eb"
"0.64.0-linux-x64" = "cca9d13e2e1d7a2c627af60ff899a3c9b74212899416aeb96ec764d2ef954537"
"0.64.0-win-arm64" = "fb42fb859d844b156a8ea9d3363078c4d8b85ca78782e60876b08c9b8e59f303"
"0.64.0-win-x64" = "fb42fb859d844b156a8ea9d3363078c4d8b85ca78782e60876b08c9b8e59f303"
